
Microsoft Visual Studio Solution File, Format Version 12.00
# Visual Studio 15
VisualStudioVersion = 15.0.28010.2041
MinimumVisualStudioVersion = 10.0.40219.1
Project("{FAE04EC0-301F-11D3-BF4B-00C04F79EFBC}") = "test.Android", "test\test.Android\test.Android.csproj", "{92EA5F5B-4589-46D2-8790-9F3F27EF5040}"
EndProject
Project("{FAE04EC0-301F-11D3-BF4B-00C04F79EFBC}") = "test.UWP", "test\test.UWP\test.UWP.csproj", "{BD2EB95F-F299-454C-96EA-6D7506FAD672}"
EndProject
Project("{FAE04EC0-301F-11D3-BF4B-00C04F79EFBC}") = "test", "test\test\test.csproj", "{D77F9698-F9B9-4077-8BAA-F00B0C6D7615}"
EndProject
Global
	GlobalSection(SolutionConfigurationPlatforms) = preSolution
		Debug|Any CPU = Debug|Any CPU
		Debug|ARM = Debug|ARM
		Debug|x64 = Debug|x64
		Debug|x86 = Debug|x86
		Release|Any CPU = Release|Any CPU
		Release|ARM = Release|ARM
		Release|x64 = Release|x64
		Release|x86 = Release|x86
	EndGlobalSection
	GlobalSection(ProjectConfigurationPlatforms) = postSolution
		{92EA5F5B-4589-46D2-8790-9F3F27EF5040}.Debug|Any CPU.ActiveCfg = Debug|Any CPU
		{92EA5F5B-4589-46D2-8790-9F3F27EF5040}.Debug|Any CPU.Build.0 = Debug|Any CPU
		{92EA5F5B-4589-46D2-8790-9F3F27EF5040}.Debug|Any CPU.Deploy.0 = Debug|Any CPU
		{92EA5F5B-4589-46D2-8790-9F3F27EF5040}.Debug|ARM.ActiveCfg = Debug|Any CPU
		{92EA5F5B-4589-46D2-8790-9F3F27EF5040}.Debug|ARM.Build.0 = Debug|Any CPU
		{92EA5F5B-4589-46D2-8790-9F3F27EF5040}.Debug|ARM.Deploy.0 = Debug|Any CPU
		{92EA5F5B-4589-46D2-8790-9F3F27EF5040}.Debug|x64.ActiveCfg = Debug|Any CPU
		{92EA5F5B-4589-46D2-8790-9F3F27EF5040}.Debug|x64.Build.0 = Debug|Any CPU
		{92EA5F5B-4589-46D2-8790-9F3F27EF5040}.Debug|x64.Deploy.0 = Debug|Any CPU
		{92EA5F5B-4589-46D2-8790-9F3F27EF5040}.Debug|x86.ActiveCfg = Debug|Any CPU
		{92EA5F5B-4589-46D2-8790-9F3F27EF5040}.Debug|x86.Build.0 = Debug|Any CPU
		{92EA5F5B-4589-46D2-8790-9F3F27EF5040}.Debug|x86.Deploy.0 = Debug|Any CPU
		{92EA5F5B-4589-46D2-8790-9F3F27EF5040}.Release|Any CPU.ActiveCfg = Release|Any CPU
		{92EA5F5B-4589-46D2-8790-9F3F27EF5040}.Release|Any CPU.Build.0 = Release|Any CPU
		{92EA5F5B-4589-46D2-8790-9F3F27EF5040}.Release|Any CPU.Deploy.0 = Release|Any CPU
		{92EA5F5B-4589-46D2-8790-9F3F27EF5040}.Release|ARM.ActiveCfg = Release|Any CPU
		{92EA5F5B-4589-46D2-8790-9F3F27EF5040}.Release|ARM.Build.0 = Release|Any CPU
		{92EA5F5B-4589-46D2-8790-9F3F27EF5040}.Release|ARM.Deploy.0 = Release|Any CPU
		{92EA5F5B-4589-46D2-8790-9F3F27EF5040}.Release|x64.ActiveCfg = Release|Any CPU
		{92EA5F5B-4589-46D2-8790-9F3F27EF5040}.Release|x64.Build.0 = Release|Any CPU
		{92EA5F5B-4589-46D2-8790-9F3F27EF5040}.Release|x64.Deploy.0 = Release|Any CPU
		{92EA5F5B-4589-46D2-8790-9F3F27EF5040}.Release|x86.ActiveCfg = Release|Any CPU
		{92EA5F5B-4589-46D2-8790-9F3F27EF5040}.Release|x86.Build.0 = Release|Any CPU
		{92EA5F5B-4589-46D2-8790-9F3F27EF5040}.Release|x86.Deploy.0 = Release|Any CPU
		{BD2EB95F-F299-454C-96EA-6D7506FAD672}.Debug|Any CPU.ActiveCfg = Debug|x86
		{BD2EB95F-F299-454C-96EA-6D7506FAD672}.Debug|Any CPU.Build.0 = Debug|x86
		{BD2EB95F-F299-454C-96EA-6D7506FAD672}.Debug|Any CPU.Deploy.0 = Debug|x86
		{BD2EB95F-F299-454C-96EA-6D7506FAD672}.Debug|ARM.ActiveCfg = Debug|ARM
		{BD2EB95F-F299-454C-96EA-6D7506FAD672}.Debug|ARM.Build.0 = Debug|ARM
		{BD2EB95F-F299-454C-96EA-6D7506FAD672}.Debug|ARM.Deploy.0 = Debug|ARM
		{BD2EB95F-F299-454C-96EA-6D7506FAD672}.Debug|x64.ActiveCfg = Debug|x64
		{BD2EB95F-F299-454C-96EA-6D7506FAD672}.Debug|x64.Build.0 = Debug|x64
		{BD2EB95F-F299-454C-96EA-6D7506FAD672}.Debug|x64.Deploy.0 = Debug|x64
		{BD2EB95F-F299-454C-96EA-6D7506FAD672}.Debug|x86.ActiveCfg = Debug|x86
		{BD2EB95F-F299-454C-96EA-6D7506FAD672}.Debug|x86.Build.0 = Debug|x86
		{BD2EB95F-F299-454C-96EA-6D7506FAD672}.Debug|x86.Deploy.0 = Debug|x86
		{BD2EB95F-F299-454C-96EA-6D7506FAD672}.Release|Any CPU.ActiveCfg = Release|x86
		{BD2EB95F-F299-454C-96EA-6D7506FAD672}.Release|Any CPU.Build.0 = Release|x86
		{BD2EB95F-F299-454C-96EA-6D7506FAD672}.Release|Any CPU.Deploy.0 = Release|x86
		{BD2EB95F-F299-454C-96EA-6D7506FAD672}.Release|ARM.ActiveCfg = Release|ARM
		{BD2EB95F-F299-454C-96EA-6D7506FAD672}.Release|ARM.Build.0 = Release|ARM
		{BD2EB95F-F299-454C-96EA-6D7506FAD672}.Release|ARM.Deploy.0 = Release|ARM
		{BD2EB95F-F299-454C-96EA-6D7506FAD672}.Release|x64.ActiveCfg = Release|x64
		{BD2EB95F-F299-454C-96EA-6D7506FAD672}.Release|x64.Build.0 = Release|x64
		{BD2EB95F-F299-454C-96EA-6D7506FAD672}.Release|x64.Deploy.0 = Release|x64
		{BD2EB95F-F299-454C-96EA-6D7506FAD672}.Release|x86.ActiveCfg = Release|x86
		{BD2EB95F-F299-454C-96EA-6D7506FAD672}.Release|x86.Build.0 = Release|x86
		{BD2EB95F-F299-454C-96EA-6D7506FAD672}.Release|x86.Deploy.0 = Release|x86
		{D77F9698-F9B9-4077-8BAA-F00B0C6D7615}.Debug|Any CPU.ActiveCfg = Debug|Any CPU
		{D77F9698-F9B9-4077-8BAA-F00B0C6D7615}.Debug|Any CPU.Build.0 = Debug|Any CPU
		{D77F9698-F9B9-4077-8BAA-F00B0C6D7615}.Debug|Any CPU.Deploy.0 = Debug|Any CPU
		{D77F9698-F9B9-4077-8BAA-F00B0C6D7615}.Debug|ARM.ActiveCfg = Debug|Any CPU
		{D77F9698-F9B9-4077-8BAA-F00B0C6D7615}.Debug|ARM.Build.0 = Debug|Any CPU
		{D77F9698-F9B9-4077-8BAA-F00B0C6D7615}.Debug|ARM.Deploy.0 = Debug|Any CPU
		{D77F9698-F9B9-4077-8BAA-F00B0C6D7615}.Debug|x64.ActiveCfg = Debug|Any CPU
		{D77F9698-F9B9-4077-8BAA-F00B0C6D7615}.Debug|x64.Build.0 = Debug|Any CPU
		{D77F9698-F9B9-4077-8BAA-F00B0C6D7615}.Debug|x64.Deploy.0 = Debug|Any CPU
		{D77F9698-F9B9-4077-8BAA-F00B0C6D7615}.Debug|x86.ActiveCfg = Debug|Any CPU
		{D77F9698-F9B9-4077-8BAA-F00B0C6D7615}.Debug|x86.Build.0 = Debug|Any CPU
		{D77F9698-F9B9-4077-8BAA-F00B0C6D7615}.Debug|x86.Deploy.0 = Debug|Any CPU
		{D77F9698-F9B9-4077-8BAA-F00B0C6D7615}.Release|Any CPU.ActiveCfg = Release|Any CPU
		{D77F9698-F9B9-4077-8BAA-F00B0C6D7615}.Release|Any CPU.Build.0 = Release|Any CPU
		{D77F9698-F9B9-4077-8BAA-F00B0C6D7615}.Release|Any CPU.Deploy.0 = Release|Any CPU
		{D77F9698-F9B9-4077-8BAA-F00B0C6D7615}.Release|ARM.ActiveCfg = Release|Any CPU
		{D77F9698-F9B9-4077-8BAA-F00B0C6D7615}.Release|ARM.Build.0 = Release|Any CPU
		{D77F9698-F9B9-4077-8BAA-F00B0C6D7615}.Release|ARM.Deploy.0 = Release|Any CPU
		{D77F9698-F9B9-4077-8BAA-F00B0C6D7615}.Release|x64.ActiveCfg = Release|Any CPU
		{D77F9698-F9B9-4077-8BAA-F00B0C6D7615}.Release|x64.Build.0 = Release|Any CPU
		{D77F9698-F9B9-4077-8BAA-F00B0C6D7615}.Release|x64.Deploy.0 = Release|Any CPU
		{D77F9698-F9B9-4077-8BAA-F00B0C6D7615}.Release|x86.ActiveCfg = Release|Any CPU
		{D77F9698-F9B9-4077-8BAA-F00B0C6D7615}.Release|x86.Build.0 = Release|Any CPU
		{D77F9698-F9B9-4077-8BAA-F00B0C6D7615}.Release|x86.Deploy.0 = Release|Any CPU
	EndGlobalSection
	GlobalSection(SolutionProperties) = preSolution
		HideSolutionNode = FALSE
	EndGlobalSection
	GlobalSection(ExtensibilityGlobals) = postSolution
		SolutionGuid = {4F969991-2058-4D29-B9F6-6E0C2FA68945}
	EndGlobalSection
EndGlobal
