
Microsoft Visual Studio Solution File, Format Version 12.00
# Visual Studio 15
VisualStudioVersion = 15.0.28010.2046
MinimumVisualStudioVersion = 10.0.40219.1
Project("{FAE04EC0-301F-11D3-BF4B-00C04F79EFBC}") = "Wasserapp_Git_1.Android", "Wasserapp_Git_1\Wasserapp_Git_1.Android\Wasserapp_Git_1.Android.csproj", "{292B835C-715B-4413-94D9-5ECF441F9DD3}"
EndProject
Project("{FAE04EC0-301F-11D3-BF4B-00C04F79EFBC}") = "Wasserapp_Git_1.iOS", "Wasserapp_Git_1\Wasserapp_Git_1.iOS\Wasserapp_Git_1.iOS.csproj", "{16E51D52-25BE-4B56-A2AC-6C968374483F}"
EndProject
Project("{FAE04EC0-301F-11D3-BF4B-00C04F79EFBC}") = "Wasserapp_Git_1.UWP", "Wasserapp_Git_1\Wasserapp_Git_1.UWP\Wasserapp_Git_1.UWP.csproj", "{3A5CF5E6-1BA8-4E4C-820E-5648270ABA0D}"
EndProject
Project("{FAE04EC0-301F-11D3-BF4B-00C04F79EFBC}") = "Wasserapp_Git_1", "Wasserapp_Git_1\Wasserapp_Git_1\Wasserapp_Git_1.csproj", "{BA3823FE-AC91-414A-A69C-A5035EEAC452}"
EndProject
Global
	GlobalSection(SolutionConfigurationPlatforms) = preSolution
		Ad-Hoc|Any CPU = Ad-Hoc|Any CPU
		Ad-Hoc|ARM = Ad-Hoc|ARM
		Ad-Hoc|iPhone = Ad-Hoc|iPhone
		Ad-Hoc|iPhoneSimulator = Ad-Hoc|iPhoneSimulator
		Ad-Hoc|x64 = Ad-Hoc|x64
		Ad-Hoc|x86 = Ad-Hoc|x86
		AppStore|Any CPU = AppStore|Any CPU
		AppStore|ARM = AppStore|ARM
		AppStore|iPhone = AppStore|iPhone
		AppStore|iPhoneSimulator = AppStore|iPhoneSimulator
		AppStore|x64 = AppStore|x64
		AppStore|x86 = AppStore|x86
		Debug|Any CPU = Debug|Any CPU
		Debug|ARM = Debug|ARM
		Debug|iPhone = Debug|iPhone
		Debug|iPhoneSimulator = Debug|iPhoneSimulator
		Debug|x64 = Debug|x64
		Debug|x86 = Debug|x86
		Release|Any CPU = Release|Any CPU
		Release|ARM = Release|ARM
		Release|iPhone = Release|iPhone
		Release|iPhoneSimulator = Release|iPhoneSimulator
		Release|x64 = Release|x64
		Release|x86 = Release|x86
	EndGlobalSection
	GlobalSection(ProjectConfigurationPlatforms) = postSolution
		{292B835C-715B-4413-94D9-5ECF441F9DD3}.Ad-Hoc|Any CPU.ActiveCfg = Release|Any CPU
		{292B835C-715B-4413-94D9-5ECF441F9DD3}.Ad-Hoc|Any CPU.Build.0 = Release|Any CPU
		{292B835C-715B-4413-94D9-5ECF441F9DD3}.Ad-Hoc|Any CPU.Deploy.0 = Release|Any CPU
		{292B835C-715B-4413-94D9-5ECF441F9DD3}.Ad-Hoc|ARM.ActiveCfg = Release|Any CPU
		{292B835C-715B-4413-94D9-5ECF441F9DD3}.Ad-Hoc|ARM.Build.0 = Release|Any CPU
		{292B835C-715B-4413-94D9-5ECF441F9DD3}.Ad-Hoc|ARM.Deploy.0 = Release|Any CPU
		{292B835C-715B-4413-94D9-5ECF441F9DD3}.Ad-Hoc|iPhone.ActiveCfg = Release|Any CPU
		{292B835C-715B-4413-94D9-5ECF441F9DD3}.Ad-Hoc|iPhone.Build.0 = Release|Any CPU
		{292B835C-715B-4413-94D9-5ECF441F9DD3}.Ad-Hoc|iPhone.Deploy.0 = Release|Any CPU
		{292B835C-715B-4413-94D9-5ECF441F9DD3}.Ad-Hoc|iPhoneSimulator.ActiveCfg = Release|Any CPU
		{292B835C-715B-4413-94D9-5ECF441F9DD3}.Ad-Hoc|iPhoneSimulator.Build.0 = Release|Any CPU
		{292B835C-715B-4413-94D9-5ECF441F9DD3}.Ad-Hoc|iPhoneSimulator.Deploy.0 = Release|Any CPU
		{292B835C-715B-4413-94D9-5ECF441F9DD3}.Ad-Hoc|x64.ActiveCfg = Release|Any CPU
		{292B835C-715B-4413-94D9-5ECF441F9DD3}.Ad-Hoc|x64.Build.0 = Release|Any CPU
		{292B835C-715B-4413-94D9-5ECF441F9DD3}.Ad-Hoc|x64.Deploy.0 = Release|Any CPU
		{292B835C-715B-4413-94D9-5ECF441F9DD3}.Ad-Hoc|x86.ActiveCfg = Release|Any CPU
		{292B835C-715B-4413-94D9-5ECF441F9DD3}.Ad-Hoc|x86.Build.0 = Release|Any CPU
		{292B835C-715B-4413-94D9-5ECF441F9DD3}.Ad-Hoc|x86.Deploy.0 = Release|Any CPU
		{292B835C-715B-4413-94D9-5ECF441F9DD3}.AppStore|Any CPU.ActiveCfg = Release|Any CPU
		{292B835C-715B-4413-94D9-5ECF441F9DD3}.AppStore|Any CPU.Build.0 = Release|Any CPU
		{292B835C-715B-4413-94D9-5ECF441F9DD3}.AppStore|Any CPU.Deploy.0 = Release|Any CPU
		{292B835C-715B-4413-94D9-5ECF441F9DD3}.AppStore|ARM.ActiveCfg = Release|Any CPU
		{292B835C-715B-4413-94D9-5ECF441F9DD3}.AppStore|ARM.Build.0 = Release|Any CPU
		{292B835C-715B-4413-94D9-5ECF441F9DD3}.AppStore|ARM.Deploy.0 = Release|Any CPU
		{292B835C-715B-4413-94D9-5ECF441F9DD3}.AppStore|iPhone.ActiveCfg = Release|Any CPU
		{292B835C-715B-4413-94D9-5ECF441F9DD3}.AppStore|iPhone.Build.0 = Release|Any CPU
		{292B835C-715B-4413-94D9-5ECF441F9DD3}.AppStore|iPhone.Deploy.0 = Release|Any CPU
		{292B835C-715B-4413-94D9-5ECF441F9DD3}.AppStore|iPhoneSimulator.ActiveCfg = Release|Any CPU
		{292B835C-715B-4413-94D9-5ECF441F9DD3}.AppStore|iPhoneSimulator.Build.0 = Release|Any CPU
		{292B835C-715B-4413-94D9-5ECF441F9DD3}.AppStore|iPhoneSimulator.Deploy.0 = Release|Any CPU
		{292B835C-715B-4413-94D9-5ECF441F9DD3}.AppStore|x64.ActiveCfg = Release|Any CPU
		{292B835C-715B-4413-94D9-5ECF441F9DD3}.AppStore|x64.Build.0 = Release|Any CPU
		{292B835C-715B-4413-94D9-5ECF441F9DD3}.AppStore|x64.Deploy.0 = Release|Any CPU
		{292B835C-715B-4413-94D9-5ECF441F9DD3}.AppStore|x86.ActiveCfg = Release|Any CPU
		{292B835C-715B-4413-94D9-5ECF441F9DD3}.AppStore|x86.Build.0 = Release|Any CPU
		{292B835C-715B-4413-94D9-5ECF441F9DD3}.AppStore|x86.Deploy.0 = Release|Any CPU
		{292B835C-715B-4413-94D9-5ECF441F9DD3}.Debug|Any CPU.ActiveCfg = Debug|Any CPU
		{292B835C-715B-4413-94D9-5ECF441F9DD3}.Debug|Any CPU.Build.0 = Debug|Any CPU
		{292B835C-715B-4413-94D9-5ECF441F9DD3}.Debug|Any CPU.Deploy.0 = Debug|Any CPU
		{292B835C-715B-4413-94D9-5ECF441F9DD3}.Debug|ARM.ActiveCfg = Debug|Any CPU
		{292B835C-715B-4413-94D9-5ECF441F9DD3}.Debug|ARM.Build.0 = Debug|Any CPU
		{292B835C-715B-4413-94D9-5ECF441F9DD3}.Debug|ARM.Deploy.0 = Debug|Any CPU
		{292B835C-715B-4413-94D9-5ECF441F9DD3}.Debug|iPhone.ActiveCfg = Debug|Any CPU
		{292B835C-715B-4413-94D9-5ECF441F9DD3}.Debug|iPhone.Build.0 = Debug|Any CPU
		{292B835C-715B-4413-94D9-5ECF441F9DD3}.Debug|iPhone.Deploy.0 = Debug|Any CPU
		{292B835C-715B-4413-94D9-5ECF441F9DD3}.Debug|iPhoneSimulator.ActiveCfg = Debug|Any CPU
		{292B835C-715B-4413-94D9-5ECF441F9DD3}.Debug|iPhoneSimulator.Build.0 = Debug|Any CPU
		{292B835C-715B-4413-94D9-5ECF441F9DD3}.Debug|iPhoneSimulator.Deploy.0 = Debug|Any CPU
		{292B835C-715B-4413-94D9-5ECF441F9DD3}.Debug|x64.ActiveCfg = Debug|Any CPU
		{292B835C-715B-4413-94D9-5ECF441F9DD3}.Debug|x64.Build.0 = Debug|Any CPU
		{292B835C-715B-4413-94D9-5ECF441F9DD3}.Debug|x64.Deploy.0 = Debug|Any CPU
		{292B835C-715B-4413-94D9-5ECF441F9DD3}.Debug|x86.ActiveCfg = Debug|Any CPU
		{292B835C-715B-4413-94D9-5ECF441F9DD3}.Debug|x86.Build.0 = Debug|Any CPU
		{292B835C-715B-4413-94D9-5ECF441F9DD3}.Debug|x86.Deploy.0 = Debug|Any CPU
		{292B835C-715B-4413-94D9-5ECF441F9DD3}.Release|Any CPU.ActiveCfg = Release|Any CPU
		{292B835C-715B-4413-94D9-5ECF441F9DD3}.Release|Any CPU.Build.0 = Release|Any CPU
		{292B835C-715B-4413-94D9-5ECF441F9DD3}.Release|Any CPU.Deploy.0 = Release|Any CPU
		{292B835C-715B-4413-94D9-5ECF441F9DD3}.Release|ARM.ActiveCfg = Release|Any CPU
		{292B835C-715B-4413-94D9-5ECF441F9DD3}.Release|ARM.Build.0 = Release|Any CPU
		{292B835C-715B-4413-94D9-5ECF441F9DD3}.Release|ARM.Deploy.0 = Release|Any CPU
		{292B835C-715B-4413-94D9-5ECF441F9DD3}.Release|iPhone.ActiveCfg = Release|Any CPU
		{292B835C-715B-4413-94D9-5ECF441F9DD3}.Release|iPhone.Build.0 = Release|Any CPU
		{292B835C-715B-4413-94D9-5ECF441F9DD3}.Release|iPhone.Deploy.0 = Release|Any CPU
		{292B835C-715B-4413-94D9-5ECF441F9DD3}.Release|iPhoneSimulator.ActiveCfg = Release|Any CPU
		{292B835C-715B-4413-94D9-5ECF441F9DD3}.Release|iPhoneSimulator.Build.0 = Release|Any CPU
		{292B835C-715B-4413-94D9-5ECF441F9DD3}.Release|iPhoneSimulator.Deploy.0 = Release|Any CPU
		{292B835C-715B-4413-94D9-5ECF441F9DD3}.Release|x64.ActiveCfg = Release|Any CPU
		{292B835C-715B-4413-94D9-5ECF441F9DD3}.Release|x64.Build.0 = Release|Any CPU
		{292B835C-715B-4413-94D9-5ECF441F9DD3}.Release|x64.Deploy.0 = Release|Any CPU
		{292B835C-715B-4413-94D9-5ECF441F9DD3}.Release|x86.ActiveCfg = Release|Any CPU
		{292B835C-715B-4413-94D9-5ECF441F9DD3}.Release|x86.Build.0 = Release|Any CPU
		{292B835C-715B-4413-94D9-5ECF441F9DD3}.Release|x86.Deploy.0 = Release|Any CPU
		{16E51D52-25BE-4B56-A2AC-6C968374483F}.Ad-Hoc|Any CPU.ActiveCfg = Ad-Hoc|iPhone
		{16E51D52-25BE-4B56-A2AC-6C968374483F}.Ad-Hoc|Any CPU.Build.0 = Ad-Hoc|iPhone
		{16E51D52-25BE-4B56-A2AC-6C968374483F}.Ad-Hoc|Any CPU.Deploy.0 = Ad-Hoc|iPhone
		{16E51D52-25BE-4B56-A2AC-6C968374483F}.Ad-Hoc|ARM.ActiveCfg = Ad-Hoc|iPhone
		{16E51D52-25BE-4B56-A2AC-6C968374483F}.Ad-Hoc|ARM.Build.0 = Ad-Hoc|iPhone
		{16E51D52-25BE-4B56-A2AC-6C968374483F}.Ad-Hoc|ARM.Deploy.0 = Ad-Hoc|iPhone
		{16E51D52-25BE-4B56-A2AC-6C968374483F}.Ad-Hoc|iPhone.ActiveCfg = Ad-Hoc|iPhone
		{16E51D52-25BE-4B56-A2AC-6C968374483F}.Ad-Hoc|iPhone.Build.0 = Ad-Hoc|iPhone
		{16E51D52-25BE-4B56-A2AC-6C968374483F}.Ad-Hoc|iPhone.Deploy.0 = Ad-Hoc|iPhone
		{16E51D52-25BE-4B56-A2AC-6C968374483F}.Ad-Hoc|iPhoneSimulator.ActiveCfg = Ad-Hoc|iPhoneSimulator
		{16E51D52-25BE-4B56-A2AC-6C968374483F}.Ad-Hoc|iPhoneSimulator.Build.0 = Ad-Hoc|iPhoneSimulator
		{16E51D52-25BE-4B56-A2AC-6C968374483F}.Ad-Hoc|iPhoneSimulator.Deploy.0 = Ad-Hoc|iPhoneSimulator
		{16E51D52-25BE-4B56-A2AC-6C968374483F}.Ad-Hoc|x64.ActiveCfg = Ad-Hoc|iPhone
		{16E51D52-25BE-4B56-A2AC-6C968374483F}.Ad-Hoc|x64.Build.0 = Ad-Hoc|iPhone
		{16E51D52-25BE-4B56-A2AC-6C968374483F}.Ad-Hoc|x64.Deploy.0 = Ad-Hoc|iPhone
		{16E51D52-25BE-4B56-A2AC-6C968374483F}.Ad-Hoc|x86.ActiveCfg = Ad-Hoc|iPhone
		{16E51D52-25BE-4B56-A2AC-6C968374483F}.Ad-Hoc|x86.Build.0 = Ad-Hoc|iPhone
		{16E51D52-25BE-4B56-A2AC-6C968374483F}.Ad-Hoc|x86.Deploy.0 = Ad-Hoc|iPhone
		{16E51D52-25BE-4B56-A2AC-6C968374483F}.AppStore|Any CPU.ActiveCfg = AppStore|iPhone
		{16E51D52-25BE-4B56-A2AC-6C968374483F}.AppStore|Any CPU.Build.0 = AppStore|iPhone
		{16E51D52-25BE-4B56-A2AC-6C968374483F}.AppStore|Any CPU.Deploy.0 = AppStore|iPhone
		{16E51D52-25BE-4B56-A2AC-6C968374483F}.AppStore|ARM.ActiveCfg = AppStore|iPhone
		{16E51D52-25BE-4B56-A2AC-6C968374483F}.AppStore|ARM.Build.0 = AppStore|iPhone
		{16E51D52-25BE-4B56-A2AC-6C968374483F}.AppStore|ARM.Deploy.0 = AppStore|iPhone
		{16E51D52-25BE-4B56-A2AC-6C968374483F}.AppStore|iPhone.ActiveCfg = AppStore|iPhone
		{16E51D52-25BE-4B56-A2AC-6C968374483F}.AppStore|iPhone.Build.0 = AppStore|iPhone
		{16E51D52-25BE-4B56-A2AC-6C968374483F}.AppStore|iPhone.Deploy.0 = AppStore|iPhone
		{16E51D52-25BE-4B56-A2AC-6C968374483F}.AppStore|iPhoneSimulator.ActiveCfg = AppStore|iPhoneSimulator
		{16E51D52-25BE-4B56-A2AC-6C968374483F}.AppStore|iPhoneSimulator.Build.0 = AppStore|iPhoneSimulator
		{16E51D52-25BE-4B56-A2AC-6C968374483F}.AppStore|iPhoneSimulator.Deploy.0 = AppStore|iPhoneSimulator
		{16E51D52-25BE-4B56-A2AC-6C968374483F}.AppStore|x64.ActiveCfg = AppStore|iPhone
		{16E51D52-25BE-4B56-A2AC-6C968374483F}.AppStore|x64.Build.0 = AppStore|iPhone
		{16E51D52-25BE-4B56-A2AC-6C968374483F}.AppStore|x64.Deploy.0 = AppStore|iPhone
		{16E51D52-25BE-4B56-A2AC-6C968374483F}.AppStore|x86.ActiveCfg = AppStore|iPhone
		{16E51D52-25BE-4B56-A2AC-6C968374483F}.AppStore|x86.Build.0 = AppStore|iPhone
		{16E51D52-25BE-4B56-A2AC-6C968374483F}.AppStore|x86.Deploy.0 = AppStore|iPhone
		{16E51D52-25BE-4B56-A2AC-6C968374483F}.Debug|Any CPU.ActiveCfg = Debug|iPhoneSimulator
		{16E51D52-25BE-4B56-A2AC-6C968374483F}.Debug|Any CPU.Build.0 = Debug|iPhoneSimulator
		{16E51D52-25BE-4B56-A2AC-6C968374483F}.Debug|Any CPU.Deploy.0 = Debug|iPhoneSimulator
		{16E51D52-25BE-4B56-A2AC-6C968374483F}.Debug|ARM.ActiveCfg = Debug|iPhone
		{16E51D52-25BE-4B56-A2AC-6C968374483F}.Debug|ARM.Build.0 = Debug|iPhone
		{16E51D52-25BE-4B56-A2AC-6C968374483F}.Debug|ARM.Deploy.0 = Debug|iPhone
		{16E51D52-25BE-4B56-A2AC-6C968374483F}.Debug|iPhone.ActiveCfg = Debug|iPhone
		{16E51D52-25BE-4B56-A2AC-6C968374483F}.Debug|iPhone.Build.0 = Debug|iPhone
		{16E51D52-25BE-4B56-A2AC-6C968374483F}.Debug|iPhone.Deploy.0 = Debug|iPhone
		{16E51D52-25BE-4B56-A2AC-6C968374483F}.Debug|iPhoneSimulator.ActiveCfg = Debug|iPhoneSimulator
		{16E51D52-25BE-4B56-A2AC-6C968374483F}.Debug|iPhoneSimulator.Build.0 = Debug|iPhoneSimulator
		{16E51D52-25BE-4B56-A2AC-6C968374483F}.Debug|iPhoneSimulator.Deploy.0 = Debug|iPhoneSimulator
		{16E51D52-25BE-4B56-A2AC-6C968374483F}.Debug|x64.ActiveCfg = Debug|iPhone
		{16E51D52-25BE-4B56-A2AC-6C968374483F}.Debug|x64.Build.0 = Debug|iPhone
		{16E51D52-25BE-4B56-A2AC-6C968374483F}.Debug|x64.Deploy.0 = Debug|iPhone
		{16E51D52-25BE-4B56-A2AC-6C968374483F}.Debug|x86.ActiveCfg = Debug|iPhone
		{16E51D52-25BE-4B56-A2AC-6C968374483F}.Debug|x86.Build.0 = Debug|iPhone
		{16E51D52-25BE-4B56-A2AC-6C968374483F}.Debug|x86.Deploy.0 = Debug|iPhone
		{16E51D52-25BE-4B56-A2AC-6C968374483F}.Release|Any CPU.ActiveCfg = Release|iPhone
		{16E51D52-25BE-4B56-A2AC-6C968374483F}.Release|Any CPU.Build.0 = Release|iPhone
		{16E51D52-25BE-4B56-A2AC-6C968374483F}.Release|Any CPU.Deploy.0 = Release|iPhone
		{16E51D52-25BE-4B56-A2AC-6C968374483F}.Release|ARM.ActiveCfg = Release|iPhone
		{16E51D52-25BE-4B56-A2AC-6C968374483F}.Release|ARM.Build.0 = Release|iPhone
		{16E51D52-25BE-4B56-A2AC-6C968374483F}.Release|ARM.Deploy.0 = Release|iPhone
		{16E51D52-25BE-4B56-A2AC-6C968374483F}.Release|iPhone.ActiveCfg = Release|iPhone
		{16E51D52-25BE-4B56-A2AC-6C968374483F}.Release|iPhone.Build.0 = Release|iPhone
		{16E51D52-25BE-4B56-A2AC-6C968374483F}.Release|iPhone.Deploy.0 = Release|iPhone
		{16E51D52-25BE-4B56-A2AC-6C968374483F}.Release|iPhoneSimulator.ActiveCfg = Release|iPhoneSimulator
		{16E51D52-25BE-4B56-A2AC-6C968374483F}.Release|iPhoneSimulator.Build.0 = Release|iPhoneSimulator
		{16E51D52-25BE-4B56-A2AC-6C968374483F}.Release|iPhoneSimulator.Deploy.0 = Release|iPhoneSimulator
		{16E51D52-25BE-4B56-A2AC-6C968374483F}.Release|x64.ActiveCfg = Release|iPhone
		{16E51D52-25BE-4B56-A2AC-6C968374483F}.Release|x64.Build.0 = Release|iPhone
		{16E51D52-25BE-4B56-A2AC-6C968374483F}.Release|x64.Deploy.0 = Release|iPhone
		{16E51D52-25BE-4B56-A2AC-6C968374483F}.Release|x86.ActiveCfg = Release|iPhone
		{16E51D52-25BE-4B56-A2AC-6C968374483F}.Release|x86.Build.0 = Release|iPhone
		{16E51D52-25BE-4B56-A2AC-6C968374483F}.Release|x86.Deploy.0 = Release|iPhone
		{3A5CF5E6-1BA8-4E4C-820E-5648270ABA0D}.Ad-Hoc|Any CPU.ActiveCfg = Release|x86
		{3A5CF5E6-1BA8-4E4C-820E-5648270ABA0D}.Ad-Hoc|Any CPU.Build.0 = Release|x86
		{3A5CF5E6-1BA8-4E4C-820E-5648270ABA0D}.Ad-Hoc|Any CPU.Deploy.0 = Release|x86
		{3A5CF5E6-1BA8-4E4C-820E-5648270ABA0D}.Ad-Hoc|ARM.ActiveCfg = Release|ARM
		{3A5CF5E6-1BA8-4E4C-820E-5648270ABA0D}.Ad-Hoc|ARM.Build.0 = Release|ARM
		{3A5CF5E6-1BA8-4E4C-820E-5648270ABA0D}.Ad-Hoc|ARM.Deploy.0 = Release|ARM
		{3A5CF5E6-1BA8-4E4C-820E-5648270ABA0D}.Ad-Hoc|iPhone.ActiveCfg = Release|x86
		{3A5CF5E6-1BA8-4E4C-820E-5648270ABA0D}.Ad-Hoc|iPhone.Build.0 = Release|x86
		{3A5CF5E6-1BA8-4E4C-820E-5648270ABA0D}.Ad-Hoc|iPhone.Deploy.0 = Release|x86
		{3A5CF5E6-1BA8-4E4C-820E-5648270ABA0D}.Ad-Hoc|iPhoneSimulator.ActiveCfg = Release|x86
		{3A5CF5E6-1BA8-4E4C-820E-5648270ABA0D}.Ad-Hoc|iPhoneSimulator.Build.0 = Release|x86
		{3A5CF5E6-1BA8-4E4C-820E-5648270ABA0D}.Ad-Hoc|iPhoneSimulator.Deploy.0 = Release|x86
		{3A5CF5E6-1BA8-4E4C-820E-5648270ABA0D}.Ad-Hoc|x64.ActiveCfg = Release|x64
		{3A5CF5E6-1BA8-4E4C-820E-5648270ABA0D}.Ad-Hoc|x64.Build.0 = Release|x64
		{3A5CF5E6-1BA8-4E4C-820E-5648270ABA0D}.Ad-Hoc|x64.Deploy.0 = Release|x64
		{3A5CF5E6-1BA8-4E4C-820E-5648270ABA0D}.Ad-Hoc|x86.ActiveCfg = Release|x86
		{3A5CF5E6-1BA8-4E4C-820E-5648270ABA0D}.Ad-Hoc|x86.Build.0 = Release|x86
		{3A5CF5E6-1BA8-4E4C-820E-5648270ABA0D}.Ad-Hoc|x86.Deploy.0 = Release|x86
		{3A5CF5E6-1BA8-4E4C-820E-5648270ABA0D}.AppStore|Any CPU.ActiveCfg = Release|x86
		{3A5CF5E6-1BA8-4E4C-820E-5648270ABA0D}.AppStore|Any CPU.Build.0 = Release|x86
		{3A5CF5E6-1BA8-4E4C-820E-5648270ABA0D}.AppStore|Any CPU.Deploy.0 = Release|x86
		{3A5CF5E6-1BA8-4E4C-820E-5648270ABA0D}.AppStore|ARM.ActiveCfg = Release|ARM
		{3A5CF5E6-1BA8-4E4C-820E-5648270ABA0D}.AppStore|ARM.Build.0 = Release|ARM
		{3A5CF5E6-1BA8-4E4C-820E-5648270ABA0D}.AppStore|ARM.Deploy.0 = Release|ARM
		{3A5CF5E6-1BA8-4E4C-820E-5648270ABA0D}.AppStore|iPhone.ActiveCfg = Release|x86
		{3A5CF5E6-1BA8-4E4C-820E-5648270ABA0D}.AppStore|iPhone.Build.0 = Release|x86
		{3A5CF5E6-1BA8-4E4C-820E-5648270ABA0D}.AppStore|iPhone.Deploy.0 = Release|x86
		{3A5CF5E6-1BA8-4E4C-820E-5648270ABA0D}.AppStore|iPhoneSimulator.ActiveCfg = Release|x86
		{3A5CF5E6-1BA8-4E4C-820E-5648270ABA0D}.AppStore|iPhoneSimulator.Build.0 = Release|x86
		{3A5CF5E6-1BA8-4E4C-820E-5648270ABA0D}.AppStore|iPhoneSimulator.Deploy.0 = Release|x86
		{3A5CF5E6-1BA8-4E4C-820E-5648270ABA0D}.AppStore|x64.ActiveCfg = Release|x64
		{3A5CF5E6-1BA8-4E4C-820E-5648270ABA0D}.AppStore|x64.Build.0 = Release|x64
		{3A5CF5E6-1BA8-4E4C-820E-5648270ABA0D}.AppStore|x64.Deploy.0 = Release|x64
		{3A5CF5E6-1BA8-4E4C-820E-5648270ABA0D}.AppStore|x86.ActiveCfg = Release|x86
		{3A5CF5E6-1BA8-4E4C-820E-5648270ABA0D}.AppStore|x86.Build.0 = Release|x86
		{3A5CF5E6-1BA8-4E4C-820E-5648270ABA0D}.AppStore|x86.Deploy.0 = Release|x86
		{3A5CF5E6-1BA8-4E4C-820E-5648270ABA0D}.Debug|Any CPU.ActiveCfg = Debug|x86
		{3A5CF5E6-1BA8-4E4C-820E-5648270ABA0D}.Debug|Any CPU.Build.0 = Debug|x86
		{3A5CF5E6-1BA8-4E4C-820E-5648270ABA0D}.Debug|Any CPU.Deploy.0 = Debug|x86
		{3A5CF5E6-1BA8-4E4C-820E-5648270ABA0D}.Debug|ARM.ActiveCfg = Debug|ARM
		{3A5CF5E6-1BA8-4E4C-820E-5648270ABA0D}.Debug|ARM.Build.0 = Debug|ARM
		{3A5CF5E6-1BA8-4E4C-820E-5648270ABA0D}.Debug|ARM.Deploy.0 = Debug|ARM
		{3A5CF5E6-1BA8-4E4C-820E-5648270ABA0D}.Debug|iPhone.ActiveCfg = Debug|x86
		{3A5CF5E6-1BA8-4E4C-820E-5648270ABA0D}.Debug|iPhone.Build.0 = Debug|x86
		{3A5CF5E6-1BA8-4E4C-820E-5648270ABA0D}.Debug|iPhone.Deploy.0 = Debug|x86
		{3A5CF5E6-1BA8-4E4C-820E-5648270ABA0D}.Debug|iPhoneSimulator.ActiveCfg = Debug|x86
		{3A5CF5E6-1BA8-4E4C-820E-5648270ABA0D}.Debug|iPhoneSimulator.Build.0 = Debug|x86
		{3A5CF5E6-1BA8-4E4C-820E-5648270ABA0D}.Debug|iPhoneSimulator.Deploy.0 = Debug|x86
		{3A5CF5E6-1BA8-4E4C-820E-5648270ABA0D}.Debug|x64.ActiveCfg = Debug|x64
		{3A5CF5E6-1BA8-4E4C-820E-5648270ABA0D}.Debug|x64.Build.0 = Debug|x64
		{3A5CF5E6-1BA8-4E4C-820E-5648270ABA0D}.Debug|x64.Deploy.0 = Debug|x64
		{3A5CF5E6-1BA8-4E4C-820E-5648270ABA0D}.Debug|x86.ActiveCfg = Debug|x86
		{3A5CF5E6-1BA8-4E4C-820E-5648270ABA0D}.Debug|x86.Build.0 = Debug|x86
		{3A5CF5E6-1BA8-4E4C-820E-5648270ABA0D}.Debug|x86.Deploy.0 = Debug|x86
		{3A5CF5E6-1BA8-4E4C-820E-5648270ABA0D}.Release|Any CPU.ActiveCfg = Release|x86
		{3A5CF5E6-1BA8-4E4C-820E-5648270ABA0D}.Release|Any CPU.Build.0 = Release|x86
		{3A5CF5E6-1BA8-4E4C-820E-5648270ABA0D}.Release|Any CPU.Deploy.0 = Release|x86
		{3A5CF5E6-1BA8-4E4C-820E-5648270ABA0D}.Release|ARM.ActiveCfg = Release|ARM
		{3A5CF5E6-1BA8-4E4C-820E-5648270ABA0D}.Release|ARM.Build.0 = Release|ARM
		{3A5CF5E6-1BA8-4E4C-820E-5648270ABA0D}.Release|ARM.Deploy.0 = Release|ARM
		{3A5CF5E6-1BA8-4E4C-820E-5648270ABA0D}.Release|iPhone.ActiveCfg = Release|x86
		{3A5CF5E6-1BA8-4E4C-820E-5648270ABA0D}.Release|iPhone.Build.0 = Release|x86
		{3A5CF5E6-1BA8-4E4C-820E-5648270ABA0D}.Release|iPhone.Deploy.0 = Release|x86
		{3A5CF5E6-1BA8-4E4C-820E-5648270ABA0D}.Release|iPhoneSimulator.ActiveCfg = Release|x86
		{3A5CF5E6-1BA8-4E4C-820E-5648270ABA0D}.Release|iPhoneSimulator.Build.0 = Release|x86
		{3A5CF5E6-1BA8-4E4C-820E-5648270ABA0D}.Release|iPhoneSimulator.Deploy.0 = Release|x86
		{3A5CF5E6-1BA8-4E4C-820E-5648270ABA0D}.Release|x64.ActiveCfg = Release|x64
		{3A5CF5E6-1BA8-4E4C-820E-5648270ABA0D}.Release|x64.Build.0 = Release|x64
		{3A5CF5E6-1BA8-4E4C-820E-5648270ABA0D}.Release|x64.Deploy.0 = Release|x64
		{3A5CF5E6-1BA8-4E4C-820E-5648270ABA0D}.Release|x86.ActiveCfg = Release|x86
		{3A5CF5E6-1BA8-4E4C-820E-5648270ABA0D}.Release|x86.Build.0 = Release|x86
		{3A5CF5E6-1BA8-4E4C-820E-5648270ABA0D}.Release|x86.Deploy.0 = Release|x86
		{BA3823FE-AC91-414A-A69C-A5035EEAC452}.Ad-Hoc|Any CPU.ActiveCfg = Debug|Any CPU
		{BA3823FE-AC91-414A-A69C-A5035EEAC452}.Ad-Hoc|Any CPU.Build.0 = Debug|Any CPU
		{BA3823FE-AC91-414A-A69C-A5035EEAC452}.Ad-Hoc|Any CPU.Deploy.0 = Debug|Any CPU
		{BA3823FE-AC91-414A-A69C-A5035EEAC452}.Ad-Hoc|ARM.ActiveCfg = Debug|Any CPU
		{BA3823FE-AC91-414A-A69C-A5035EEAC452}.Ad-Hoc|ARM.Build.0 = Debug|Any CPU
		{BA3823FE-AC91-414A-A69C-A5035EEAC452}.Ad-Hoc|ARM.Deploy.0 = Debug|Any CPU
		{BA3823FE-AC91-414A-A69C-A5035EEAC452}.Ad-Hoc|iPhone.ActiveCfg = Debug|Any CPU
		{BA3823FE-AC91-414A-A69C-A5035EEAC452}.Ad-Hoc|iPhone.Build.0 = Debug|Any CPU
		{BA3823FE-AC91-414A-A69C-A5035EEAC452}.Ad-Hoc|iPhone.Deploy.0 = Debug|Any CPU
		{BA3823FE-AC91-414A-A69C-A5035EEAC452}.Ad-Hoc|iPhoneSimulator.ActiveCfg = Debug|Any CPU
		{BA3823FE-AC91-414A-A69C-A5035EEAC452}.Ad-Hoc|iPhoneSimulator.Build.0 = Debug|Any CPU
		{BA3823FE-AC91-414A-A69C-A5035EEAC452}.Ad-Hoc|iPhoneSimulator.Deploy.0 = Debug|Any CPU
		{BA3823FE-AC91-414A-A69C-A5035EEAC452}.Ad-Hoc|x64.ActiveCfg = Debug|Any CPU
		{BA3823FE-AC91-414A-A69C-A5035EEAC452}.Ad-Hoc|x64.Build.0 = Debug|Any CPU
		{BA3823FE-AC91-414A-A69C-A5035EEAC452}.Ad-Hoc|x64.Deploy.0 = Debug|Any CPU
		{BA3823FE-AC91-414A-A69C-A5035EEAC452}.Ad-Hoc|x86.ActiveCfg = Debug|Any CPU
		{BA3823FE-AC91-414A-A69C-A5035EEAC452}.Ad-Hoc|x86.Build.0 = Debug|Any CPU
		{BA3823FE-AC91-414A-A69C-A5035EEAC452}.Ad-Hoc|x86.Deploy.0 = Debug|Any CPU
		{BA3823FE-AC91-414A-A69C-A5035EEAC452}.AppStore|Any CPU.ActiveCfg = Debug|Any CPU
		{BA3823FE-AC91-414A-A69C-A5035EEAC452}.AppStore|Any CPU.Build.0 = Debug|Any CPU
		{BA3823FE-AC91-414A-A69C-A5035EEAC452}.AppStore|Any CPU.Deploy.0 = Debug|Any CPU
		{BA3823FE-AC91-414A-A69C-A5035EEAC452}.AppStore|ARM.ActiveCfg = Debug|Any CPU
		{BA3823FE-AC91-414A-A69C-A5035EEAC452}.AppStore|ARM.Build.0 = Debug|Any CPU
		{BA3823FE-AC91-414A-A69C-A5035EEAC452}.AppStore|ARM.Deploy.0 = Debug|Any CPU
		{BA3823FE-AC91-414A-A69C-A5035EEAC452}.AppStore|iPhone.ActiveCfg = Debug|Any CPU
		{BA3823FE-AC91-414A-A69C-A5035EEAC452}.AppStore|iPhone.Build.0 = Debug|Any CPU
		{BA3823FE-AC91-414A-A69C-A5035EEAC452}.AppStore|iPhone.Deploy.0 = Debug|Any CPU
		{BA3823FE-AC91-414A-A69C-A5035EEAC452}.AppStore|iPhoneSimulator.ActiveCfg = Debug|Any CPU
		{BA3823FE-AC91-414A-A69C-A5035EEAC452}.AppStore|iPhoneSimulator.Build.0 = Debug|Any CPU
		{BA3823FE-AC91-414A-A69C-A5035EEAC452}.AppStore|iPhoneSimulator.Deploy.0 = Debug|Any CPU
		{BA3823FE-AC91-414A-A69C-A5035EEAC452}.AppStore|x64.ActiveCfg = Debug|Any CPU
		{BA3823FE-AC91-414A-A69C-A5035EEAC452}.AppStore|x64.Build.0 = Debug|Any CPU
		{BA3823FE-AC91-414A-A69C-A5035EEAC452}.AppStore|x64.Deploy.0 = Debug|Any CPU
		{BA3823FE-AC91-414A-A69C-A5035EEAC452}.AppStore|x86.ActiveCfg = Debug|Any CPU
		{BA3823FE-AC91-414A-A69C-A5035EEAC452}.AppStore|x86.Build.0 = Debug|Any CPU
		{BA3823FE-AC91-414A-A69C-A5035EEAC452}.AppStore|x86.Deploy.0 = Debug|Any CPU
		{BA3823FE-AC91-414A-A69C-A5035EEAC452}.Debug|Any CPU.ActiveCfg = Debug|Any CPU
		{BA3823FE-AC91-414A-A69C-A5035EEAC452}.Debug|Any CPU.Build.0 = Debug|Any CPU
		{BA3823FE-AC91-414A-A69C-A5035EEAC452}.Debug|Any CPU.Deploy.0 = Debug|Any CPU
		{BA3823FE-AC91-414A-A69C-A5035EEAC452}.Debug|ARM.ActiveCfg = Debug|Any CPU
		{BA3823FE-AC91-414A-A69C-A5035EEAC452}.Debug|ARM.Build.0 = Debug|Any CPU
		{BA3823FE-AC91-414A-A69C-A5035EEAC452}.Debug|ARM.Deploy.0 = Debug|Any CPU
		{BA3823FE-AC91-414A-A69C-A5035EEAC452}.Debug|iPhone.ActiveCfg = Debug|Any CPU
		{BA3823FE-AC91-414A-A69C-A5035EEAC452}.Debug|iPhone.Build.0 = Debug|Any CPU
		{BA3823FE-AC91-414A-A69C-A5035EEAC452}.Debug|iPhone.Deploy.0 = Debug|Any CPU
		{BA3823FE-AC91-414A-A69C-A5035EEAC452}.Debug|iPhoneSimulator.ActiveCfg = Debug|Any CPU
		{BA3823FE-AC91-414A-A69C-A5035EEAC452}.Debug|iPhoneSimulator.Build.0 = Debug|Any CPU
		{BA3823FE-AC91-414A-A69C-A5035EEAC452}.Debug|iPhoneSimulator.Deploy.0 = Debug|Any CPU
		{BA3823FE-AC91-414A-A69C-A5035EEAC452}.Debug|x64.ActiveCfg = Debug|Any CPU
		{BA3823FE-AC91-414A-A69C-A5035EEAC452}.Debug|x64.Build.0 = Debug|Any CPU
		{BA3823FE-AC91-414A-A69C-A5035EEAC452}.Debug|x64.Deploy.0 = Debug|Any CPU
		{BA3823FE-AC91-414A-A69C-A5035EEAC452}.Debug|x86.ActiveCfg = Debug|Any CPU
		{BA3823FE-AC91-414A-A69C-A5035EEAC452}.Debug|x86.Build.0 = Debug|Any CPU
		{BA3823FE-AC91-414A-A69C-A5035EEAC452}.Debug|x86.Deploy.0 = Debug|Any CPU
		{BA3823FE-AC91-414A-A69C-A5035EEAC452}.Release|Any CPU.ActiveCfg = Release|Any CPU
		{BA3823FE-AC91-414A-A69C-A5035EEAC452}.Release|Any CPU.Build.0 = Release|Any CPU
		{BA3823FE-AC91-414A-A69C-A5035EEAC452}.Release|Any CPU.Deploy.0 = Release|Any CPU
		{BA3823FE-AC91-414A-A69C-A5035EEAC452}.Release|ARM.ActiveCfg = Release|Any CPU
		{BA3823FE-AC91-414A-A69C-A5035EEAC452}.Release|ARM.Build.0 = Release|Any CPU
		{BA3823FE-AC91-414A-A69C-A5035EEAC452}.Release|ARM.Deploy.0 = Release|Any CPU
		{BA3823FE-AC91-414A-A69C-A5035EEAC452}.Release|iPhone.ActiveCfg = Release|Any CPU
		{BA3823FE-AC91-414A-A69C-A5035EEAC452}.Release|iPhone.Build.0 = Release|Any CPU
		{BA3823FE-AC91-414A-A69C-A5035EEAC452}.Release|iPhone.Deploy.0 = Release|Any CPU
		{BA3823FE-AC91-414A-A69C-A5035EEAC452}.Release|iPhoneSimulator.ActiveCfg = Release|Any CPU
		{BA3823FE-AC91-414A-A69C-A5035EEAC452}.Release|iPhoneSimulator.Build.0 = Release|Any CPU
		{BA3823FE-AC91-414A-A69C-A5035EEAC452}.Release|iPhoneSimulator.Deploy.0 = Release|Any CPU
		{BA3823FE-AC91-414A-A69C-A5035EEAC452}.Release|x64.ActiveCfg = Release|Any CPU
		{BA3823FE-AC91-414A-A69C-A5035EEAC452}.Release|x64.Build.0 = Release|Any CPU
		{BA3823FE-AC91-414A-A69C-A5035EEAC452}.Release|x64.Deploy.0 = Release|Any CPU
		{BA3823FE-AC91-414A-A69C-A5035EEAC452}.Release|x86.ActiveCfg = Release|Any CPU
		{BA3823FE-AC91-414A-A69C-A5035EEAC452}.Release|x86.Build.0 = Release|Any CPU
		{BA3823FE-AC91-414A-A69C-A5035EEAC452}.Release|x86.Deploy.0 = Release|Any CPU
	EndGlobalSection
	GlobalSection(SolutionProperties) = preSolution
		HideSolutionNode = FALSE
	EndGlobalSection
	GlobalSection(ExtensibilityGlobals) = postSolution
		SolutionGuid = {D7CC85F1-C4F9-4277-B75F-8F9866918F3D}
	EndGlobalSection
EndGlobal
